<?xml version="1.0" encoding="utf-8"?>
<Project ToolsVersion="4.0" xmlns="http://schemas.microsoft.com/developer/msbuild/2003">
  <ItemGroup>
    <Filter Include="Source Files">
      <UniqueIdentifier>{4FC737F1-C7A5-4376-A066-2A32D752A2FF}</UniqueIdentifier>
      <Extensions>cpp;c;cc;cxx;def;odl;idl;hpj;bat;asm;asmx</Extensions>
    </Filter>
    <Filter Include="Header Files">
      <UniqueIdentifier>{93995380-89BD-4b04-88EB-625FBE52EBFB}</UniqueIdentifier>
      <Extensions>h;hh;hpp;hxx;hm;inl;inc;xsd</Extensions>
    </Filter>
    <Filter Include="Resource Files">
      <UniqueIdentifier>{67DA6AB6-F800-4c08-8B7A-83BB121AAD01}</UniqueIdentifier>
      <Extensions>rc;ico;cur;bmp;dlg;rc2;rct;bin;rgs;gif;jpg;jpeg;jpe;resx;tiff;tif;png;wav;mfcribbon-ms</Extensions>
    </Filter>
  </ItemGroup>
  <ItemGroup>
    <Text Include="ReadMe.txt" />
  </ItemGroup>
  <ItemGroup>
    <ClCompile Include="AlembicArchive.cpp">
      <Filter>Source Files</Filter>
    </ClCompile>
    <ClCompile Include="AlembicCamera.cpp">
      <Filter>Source Files</Filter>
    </ClCompile>
    <ClCompile Include="AlembicCurves.cpp">
      <Filter>Source Files</Filter>
    </ClCompile>
    <ClCompile Include="AlembicFaceSet.cpp">
      <Filter>Source Files</Filter>
    </ClCompile>
    <ClCompile Include="AlembicManager.cpp">
      <Filter>Source Files</Filter>
    </ClCompile>
    <ClCompile Include="AlembicMessage.cpp">
      <Filter>Source Files</Filter>
    </ClCompile>
    <ClCompile Include="AlembicObject.cpp">
      <Filter>Source Files</Filter>
    </ClCompile>
    <ClCompile Include="AlembicPoints.cpp">
      <Filter>Source Files</Filter>
    </ClCompile>
    <ClCompile Include="AlembicPolymesh.cpp">
      <Filter>Source Files</Filter>
    </ClCompile>
    <ClCompile Include="AlembicProperty.cpp">
      <Filter>Source Files</Filter>
    </ClCompile>
    <ClCompile Include="AlembicUtil.cpp">
      <Filter>Source Files</Filter>
    </ClCompile>
    <ClCompile Include="AlembicWriteJob.cpp">
      <Filter>Source Files</Filter>
    </ClCompile>
    <ClCompile Include="AlembicXForm.cpp">
      <Filter>Source Files</Filter>
    </ClCompile>
    <ClCompile Include="AlembicRoot.cpp">
      <Filter>Source Files</Filter>
    </ClCompile>
    <ClCompile Include="AlembicTimeSampling.cpp">
      <Filter>Source Files</Filter>
    </ClCompile>
    <ClCompile Include="AlembicAttribute.cpp">
      <Filter>Source Files</Filter>
    </ClCompile>
  </ItemGroup>
  <ItemGroup>
    <ClInclude Include="AlembicArchive.h">
      <Filter>Header Files</Filter>
    </ClInclude>
    <ClInclude Include="AlembicCamera.h">
      <Filter>Header Files</Filter>
    </ClInclude>
    <ClInclude Include="AlembicCurves.h">
      <Filter>Header Files</Filter>
    </ClInclude>
    <ClInclude Include="AlembicExport.h">
      <Filter>Header Files</Filter>
    </ClInclude>
    <ClInclude Include="AlembicFaceSet.h">
      <Filter>Header Files</Filter>
    </ClInclude>
    <ClInclude Include="AlembicFoundation.h">
      <Filter>Header Files</Filter>
    </ClInclude>
    <ClInclude Include="AlembicManager.h">
      <Filter>Header Files</Filter>
    </ClInclude>
    <ClInclude Include="AlembicMessage.h">
      <Filter>Header Files</Filter>
    </ClInclude>
    <ClInclude Include="AlembicObject.h">
      <Filter>Header Files</Filter>
    </ClInclude>
    <ClInclude Include="AlembicPoints.h">
      <Filter>Header Files</Filter>
    </ClInclude>
    <ClInclude Include="AlembicPolymesh.h">
      <Filter>Header Files</Filter>
    </ClInclude>
    <ClInclude Include="AlembicProperty.h">
      <Filter>Header Files</Filter>
    </ClInclude>
    <ClInclude Include="AlembicUtil.h">
      <Filter>Header Files</Filter>
    </ClInclude>
    <ClInclude Include="AlembicWriteJob.h">
      <Filter>Header Files</Filter>
    </ClInclude>
    <ClInclude Include="AlembicRoot.h">
      <Filter>Header Files</Filter>
    </ClInclude>
    <ClInclude Include="AlembicTimeSampling.h">
      <Filter>Header Files</Filter>
    </ClInclude>
    <ClInclude Include="AlembicXForm.h">
      <Filter>Resource Files</Filter>
    </ClInclude>
    <ClInclude Include="AlembicAttribute.h">
      <Filter>Header Files</Filter>
    </ClInclude>
  </ItemGroup>
</Project>